
Microsoft Visual Studio Solution File, Format Version 12.00
# Visual Studio Version 16
VisualStudioVersion = 16.0.29806.167
MinimumVisualStudioVersion = 10.0.40219.1
Project("{8BC9CEB8-8B4A-11D0-8D11-00A0C91BC942}") = "TextBasedGame", "TextBasedGame.vcxproj", "{19464FB0-0EC2-4DB4-9214-D227DED7EC2E}"
EndProject
Project("{8BC9CEB8-8B4A-11D0-8D11-00A0C91BC942}") = "LevelEditor", "..\LevelEditor\LevelEditor.vcxproj", "{ED02E6FB-B4AD-420A-90A2-46411DCB9808}"
EndProject
Global
	GlobalSection(SolutionConfigurationPlatforms) = preSolution
		Debug|x64 = Debug|x64
		Debug|x86 = Debug|x86
		Release|x64 = Release|x64
		Release|x86 = Release|x86
	EndGlobalSection
	GlobalSection(ProjectConfigurationPlatforms) = postSolution
		{19464FB0-0EC2-4DB4-9214-D227DED7EC2E}.Debug|x64.ActiveCfg = Debug|x64
		{19464FB0-0EC2-4DB4-9214-D227DED7EC2E}.Debug|x64.Build.0 = Debug|x64
		{19464FB0-0EC2-4DB4-9214-D227DED7EC2E}.Debug|x86.ActiveCfg = Debug|Win32
		{19464FB0-0EC2-4DB4-9214-D227DED7EC2E}.Debug|x86.Build.0 = Debug|Win32
		{19464FB0-0EC2-4DB4-9214-D227DED7EC2E}.Release|x64.ActiveCfg = Release|x64
		{19464FB0-0EC2-4DB4-9214-D227DED7EC2E}.Release|x64.Build.0 = Release|x64
		{19464FB0-0EC2-4DB4-9214-D227DED7EC2E}.Release|x86.ActiveCfg = Release|Win32
		{19464FB0-0EC2-4DB4-9214-D227DED7EC2E}.Release|x86.Build.0 = Release|Win32
		{ED02E6FB-B4AD-420A-90A2-46411DCB9808}.Debug|x64.ActiveCfg = Debug|x64
		{ED02E6FB-B4AD-420A-90A2-46411DCB9808}.Debug|x64.Build.0 = Debug|x64
		{ED02E6FB-B4AD-420A-90A2-46411DCB9808}.Debug|x86.ActiveCfg = Debug|Win32
		{ED02E6FB-B4AD-420A-90A2-46411DCB9808}.Debug|x86.Build.0 = Debug|Win32
		{ED02E6FB-B4AD-420A-90A2-46411DCB9808}.Release|x64.ActiveCfg = Release|x64
		{ED02E6FB-B4AD-420A-90A2-46411DCB9808}.Release|x64.Build.0 = Release|x64
		{ED02E6FB-B4AD-420A-90A2-46411DCB9808}.Release|x86.ActiveCfg = Release|Win32
		{ED02E6FB-B4AD-420A-90A2-46411DCB9808}.Release|x86.Build.0 = Release|Win32
	EndGlobalSection
	GlobalSection(SolutionProperties) = preSolution
		HideSolutionNode = FALSE
	EndGlobalSection
	GlobalSection(ExtensibilityGlobals) = postSolution
		SolutionGuid = {49755801-058B-4ECC-A988-1ABAB4BD47FA}
	EndGlobalSection
EndGlobal
